# This file was autogenerated by uv via the following command:
#    uv pip compile pyproject.toml --python-version 3.12 --universal --extra execution --constraint requirements-control-plane.lock --cache-dir .tools/uv-cache -o requirements-execution.lock
alembic==1.20.0
    # via
    #   -c requirements-control-plane.lock
    #   ttcp (pyproject.toml)
annotated-doc==0.0.5
    # via
    #   -c requirements-control-plane.lock
    #   fastapi
annotated-types==0.8.0
    # via
    #   -c requirements-control-plane.lock
    #   pydantic
ansible-core==2.18.19
    # via ttcp (pyproject.toml)
anyio==4.15.1
    # via
    #   -c requirements-control-plane.lock
    #   starlette
argon2-cffi==25.1.0
    # via
    #   -c requirements-control-plane.lock
    #   ttcp (pyproject.toml)
argon2-cffi-bindings==26.1.0
    # via
    #   -c requirements-control-plane.lock
    #   argon2-cffi
asyncpg==0.31.0
    # via
    #   -c requirements-control-plane.lock
    #   ttcp (pyproject.toml)
cffi==2.1.1
    # via
    #   -c requirements-control-plane.lock
    #   argon2-cffi-bindings
    #   cryptography
click==8.5.0
    # via
    #   -c requirements-control-plane.lock
    #   uvicorn
cryptography==48.0.1
    # via
    #   -c requirements-control-plane.lock
    #   ttcp (pyproject.toml)
    #   ansible-core
fastapi==0.141.1
    # via
    #   -c requirements-control-plane.lock
    #   ttcp (pyproject.toml)
greenlet==3.5.6
    # via
    #   -c requirements-control-plane.lock
    #   sqlalchemy
h11==0.16.0
    # via
    #   -c requirements-control-plane.lock
    #   uvicorn
idna==3.20
    # via
    #   -c requirements-control-plane.lock
    #   anyio
jinja2==3.1.6
    # via ansible-core
mako==1.4.1
    # via
    #   -c requirements-control-plane.lock
    #   alembic
markupsafe==3.0.3
    # via
    #   -c requirements-control-plane.lock
    #   jinja2
    #   mako
packaging==26.3
    # via ansible-core
pycparser==3.0 ; implementation_name != 'PyPy'
    # via
    #   -c requirements-control-plane.lock
    #   cffi
pydantic==2.13.5
    # via
    #   -c requirements-control-plane.lock
    #   fastapi
    #   pydantic-settings
pydantic-core==2.46.5
    # via
    #   -c requirements-control-plane.lock
    #   pydantic
pydantic-settings==2.15.0
    # via
    #   -c requirements-control-plane.lock
    #   ttcp (pyproject.toml)
pyjwt==2.14.0
    # via
    #   -c requirements-control-plane.lock
    #   redis
pyotp==2.10.0
    # via
    #   -c requirements-control-plane.lock
    #   ttcp (pyproject.toml)
python-dotenv==1.2.3
    # via
    #   -c requirements-control-plane.lock
    #   pydantic-settings
pyyaml==6.0.3
    # via ansible-core
redis==5.3.1
    # via
    #   -c requirements-control-plane.lock
    #   ttcp (pyproject.toml)
resolvelib==1.0.1
    # via ansible-core
sqlalchemy==2.0.54
    # via
    #   -c requirements-control-plane.lock
    #   ttcp (pyproject.toml)
    #   alembic
starlette==1.6.0
    # via
    #   -c requirements-control-plane.lock
    #   fastapi
typing-extensions==4.16.0
    # via
    #   -c requirements-control-plane.lock
    #   alembic
    #   anyio
    #   fastapi
    #   pydantic
    #   pydantic-core
    #   sqlalchemy
    #   starlette
    #   typing-inspection
typing-inspection==0.4.4
    # via
    #   -c requirements-control-plane.lock
    #   fastapi
    #   pydantic
    #   pydantic-settings
uvicorn==0.53.0
    # via
    #   -c requirements-control-plane.lock
    #   ttcp (pyproject.toml)
