# This file was autogenerated by uv via the following command:
#    uv pip compile pyproject.toml --python-version 3.12 --universal -o requirements-control-plane.lock
alembic==1.20.0
    # via ttcp (pyproject.toml)
annotated-doc==0.0.5
    # via fastapi
annotated-types==0.8.0
    # via pydantic
anyio==4.15.1
    # via starlette
argon2-cffi==25.1.0
    # via ttcp (pyproject.toml)
argon2-cffi-bindings==26.1.0
    # via argon2-cffi
asyncpg==0.31.0
    # via ttcp (pyproject.toml)
cffi==2.1.1
    # via
    #   argon2-cffi-bindings
    #   cryptography
click==8.5.0
    # via uvicorn
cryptography==48.0.1
    # via ttcp (pyproject.toml)
fastapi==0.141.1
    # via ttcp (pyproject.toml)
greenlet==3.5.6
    # via sqlalchemy
h11==0.16.0
    # via uvicorn
idna==3.20
    # via anyio
mako==1.4.1
    # via alembic
markupsafe==3.0.3
    # via mako
pycparser==3.0 ; implementation_name != 'PyPy'
    # via cffi
pydantic==2.13.5
    # via
    #   fastapi
    #   pydantic-settings
pydantic-core==2.46.5
    # via pydantic
pydantic-settings==2.15.0
    # via ttcp (pyproject.toml)
pyjwt==2.14.0
    # via redis
pyotp==2.10.0
    # via ttcp (pyproject.toml)
python-dotenv==1.2.3
    # via pydantic-settings
redis==5.3.1
    # via ttcp (pyproject.toml)
sqlalchemy==2.0.54
    # via
    #   ttcp (pyproject.toml)
    #   alembic
starlette==1.6.0
    # via fastapi
typing-extensions==4.16.0
    # via
    #   alembic
    #   anyio
    #   fastapi
    #   pydantic
    #   pydantic-core
    #   sqlalchemy
    #   starlette
    #   typing-inspection
typing-inspection==0.4.4
    # via
    #   fastapi
    #   pydantic
    #   pydantic-settings
uvicorn==0.53.0
    # via ttcp (pyproject.toml)
